
Microsoft Visual Studio Solution File, Format Version 12.00
# Visual Studio Version 17
VisualStudioVersion = 17.4.33103.184
MinimumVisualStudioVersion = 10.0.40219.1
Project("{9A19103F-16F7-4668-BE54-9A1E7A4F7556}") = "CSPharma_TorreControl", "CSPharma_TorreControl\CSPharma_TorreControl.csproj", "{50B578CE-9B8C-451C-AFF3-38F100203130}"
EndProject
Project("{9A19103F-16F7-4668-BE54-9A1E7A4F7556}") = "EntityBasicoDAL", "EntityBasicoDAL\EntityBasicoDAL.csproj", "{72A189AC-6CBC-4505-998F-5C9E5D2ADCE7}"
EndProject
Global
	GlobalSection(SolutionConfigurationPlatforms) = preSolution
		Debug|Any CPU = Debug|Any CPU
		Release|Any CPU = Release|Any CPU
	EndGlobalSection
	GlobalSection(ProjectConfigurationPlatforms) = postSolution
		{50B578CE-9B8C-451C-AFF3-38F100203130}.Debug|Any CPU.ActiveCfg = Debug|Any CPU
		{50B578CE-9B8C-451C-AFF3-38F100203130}.Debug|Any CPU.Build.0 = Debug|Any CPU
		{50B578CE-9B8C-451C-AFF3-38F100203130}.Release|Any CPU.ActiveCfg = Release|Any CPU
		{50B578CE-9B8C-451C-AFF3-38F100203130}.Release|Any CPU.Build.0 = Release|Any CPU
		{72A189AC-6CBC-4505-998F-5C9E5D2ADCE7}.Debug|Any CPU.ActiveCfg = Debug|Any CPU
		{72A189AC-6CBC-4505-998F-5C9E5D2ADCE7}.Debug|Any CPU.Build.0 = Debug|Any CPU
		{72A189AC-6CBC-4505-998F-5C9E5D2ADCE7}.Release|Any CPU.ActiveCfg = Release|Any CPU
		{72A189AC-6CBC-4505-998F-5C9E5D2ADCE7}.Release|Any CPU.Build.0 = Release|Any CPU
	EndGlobalSection
	GlobalSection(SolutionProperties) = preSolution
		HideSolutionNode = FALSE
	EndGlobalSection
	GlobalSection(ExtensibilityGlobals) = postSolution
		SolutionGuid = {30BA2D6E-1528-422D-ABB2-6124509AEF4D}
	EndGlobalSection
EndGlobal
